
Microsoft Visual Studio Solution File, Format Version 12.00
# Visual Studio Version 16
VisualStudioVersion = 16.0.30413.136
MinimumVisualStudioVersion = 10.0.40219.1
Project("{9A19103F-16F7-4668-BE54-9A1E7A4F7556}") = "Wishlist.Api", "Wishlist.Api\Wishlist.Api.csproj", "{217D5805-3C69-48CE-B832-304B56E7EAB3}"
EndProject
Project("{9A19103F-16F7-4668-BE54-9A1E7A4F7556}") = "Wishlist.Test", "Wishlist.Test\Wishlist.Test.csproj", "{D7DDB78A-E9F0-454B-8AC5-81B1923E5E76}"
EndProject
Project("{FAE04EC0-301F-11D3-BF4B-00C04F79EFBC}") = "Wishlist.Core", "Wishlist.Core\Wishlist.Core.csproj", "{C06C0345-F705-4FE5-B289-D9FC74C30698}"
EndProject
Project("{FAE04EC0-301F-11D3-BF4B-00C04F79EFBC}") = "Wishlist.Data", "Wishlist.Data\Wishlist.Data.csproj", "{6AEAA336-5B2C-4540-A658-AD5A1DAD7A57}"
EndProject
Global
	GlobalSection(SolutionConfigurationPlatforms) = preSolution
		Debug|Any CPU = Debug|Any CPU
		Release|Any CPU = Release|Any CPU
	EndGlobalSection
	GlobalSection(ProjectConfigurationPlatforms) = postSolution
		{217D5805-3C69-48CE-B832-304B56E7EAB3}.Debug|Any CPU.ActiveCfg = Debug|Any CPU
		{217D5805-3C69-48CE-B832-304B56E7EAB3}.Debug|Any CPU.Build.0 = Debug|Any CPU
		{217D5805-3C69-48CE-B832-304B56E7EAB3}.Release|Any CPU.ActiveCfg = Release|Any CPU
		{217D5805-3C69-48CE-B832-304B56E7EAB3}.Release|Any CPU.Build.0 = Release|Any CPU
		{D7DDB78A-E9F0-454B-8AC5-81B1923E5E76}.Debug|Any CPU.ActiveCfg = Debug|Any CPU
		{D7DDB78A-E9F0-454B-8AC5-81B1923E5E76}.Debug|Any CPU.Build.0 = Debug|Any CPU
		{D7DDB78A-E9F0-454B-8AC5-81B1923E5E76}.Release|Any CPU.ActiveCfg = Release|Any CPU
		{D7DDB78A-E9F0-454B-8AC5-81B1923E5E76}.Release|Any CPU.Build.0 = Release|Any CPU
		{C06C0345-F705-4FE5-B289-D9FC74C30698}.Debug|Any CPU.ActiveCfg = Debug|Any CPU
		{C06C0345-F705-4FE5-B289-D9FC74C30698}.Debug|Any CPU.Build.0 = Debug|Any CPU
		{C06C0345-F705-4FE5-B289-D9FC74C30698}.Release|Any CPU.ActiveCfg = Release|Any CPU
		{C06C0345-F705-4FE5-B289-D9FC74C30698}.Release|Any CPU.Build.0 = Release|Any CPU
		{6AEAA336-5B2C-4540-A658-AD5A1DAD7A57}.Debug|Any CPU.ActiveCfg = Debug|Any CPU
		{6AEAA336-5B2C-4540-A658-AD5A1DAD7A57}.Debug|Any CPU.Build.0 = Debug|Any CPU
		{6AEAA336-5B2C-4540-A658-AD5A1DAD7A57}.Release|Any CPU.ActiveCfg = Release|Any CPU
		{6AEAA336-5B2C-4540-A658-AD5A1DAD7A57}.Release|Any CPU.Build.0 = Release|Any CPU
	EndGlobalSection
	GlobalSection(SolutionProperties) = preSolution
		HideSolutionNode = FALSE
	EndGlobalSection
	GlobalSection(ExtensibilityGlobals) = postSolution
		SolutionGuid = {67821137-2607-4850-AF7B-77D3FE9E3C94}
	EndGlobalSection
EndGlobal
