
Microsoft Visual Studio Solution File, Format Version 12.00
# Visual Studio Version 16
VisualStudioVersion = 16.0.30413.136
MinimumVisualStudioVersion = 10.0.40219.1
Project("{FAE04EC0-301F-11D3-BF4B-00C04F79EFBC}") = "Wishlist.Api", "Wishlist.Api.csproj", "{19697080-8D04-4AF9-976F-AD1963BEF765}"
EndProject
Project("{FAE04EC0-301F-11D3-BF4B-00C04F79EFBC}") = "Authenticator.Api", "..\Authenticator.Api\Authenticator.Api.csproj", "{0F0CFD90-59E4-4805-8E81-44E4FFD4BBBE}"
EndProject
Global
	GlobalSection(SolutionConfigurationPlatforms) = preSolution
		Debug|Any CPU = Debug|Any CPU
		Release|Any CPU = Release|Any CPU
	EndGlobalSection
	GlobalSection(ProjectConfigurationPlatforms) = postSolution
		{19697080-8D04-4AF9-976F-AD1963BEF765}.Debug|Any CPU.ActiveCfg = Debug|Any CPU
		{19697080-8D04-4AF9-976F-AD1963BEF765}.Debug|Any CPU.Build.0 = Debug|Any CPU
		{19697080-8D04-4AF9-976F-AD1963BEF765}.Release|Any CPU.ActiveCfg = Release|Any CPU
		{19697080-8D04-4AF9-976F-AD1963BEF765}.Release|Any CPU.Build.0 = Release|Any CPU
		{0F0CFD90-59E4-4805-8E81-44E4FFD4BBBE}.Debug|Any CPU.ActiveCfg = Debug|Any CPU
		{0F0CFD90-59E4-4805-8E81-44E4FFD4BBBE}.Debug|Any CPU.Build.0 = Debug|Any CPU
		{0F0CFD90-59E4-4805-8E81-44E4FFD4BBBE}.Release|Any CPU.ActiveCfg = Release|Any CPU
		{0F0CFD90-59E4-4805-8E81-44E4FFD4BBBE}.Release|Any CPU.Build.0 = Release|Any CPU
	EndGlobalSection
	GlobalSection(SolutionProperties) = preSolution
		HideSolutionNode = FALSE
	EndGlobalSection
	GlobalSection(ExtensibilityGlobals) = postSolution
		SolutionGuid = {67821137-2607-4850-AF7B-77D3FE9E3C94}
	EndGlobalSection
EndGlobal
